{
    "name": "nlpf-cheetahmg",
    "version": "1.0.0",
    "lockfileVersion": 3,
    "requires": true,
    "packages": {
        "": {
            "name": "nlpf-cheetahmg",
            "version": "1.0.0",
            "dependencies": {
                "prettier": "^3.0.3"
            }
        },
        "node_modules/prettier": {
            "version": "3.0.3",
            "license": "MIT",
            "bin": {
                "prettier": "bin/prettier.cjs"
            },
            "engines": {
                "node": ">=14"
            },
            "funding": {
                "url": "https://github.com/prettier/prettier?sponsor=1"
            }
        }
    }
}
